
Microsoft Visual Studio Solution File, Format Version 12.00
# Visual Studio 2012
Project("{FAE04EC0-301F-11D3-BF4B-00C04F79EFBC}") = "NPloy.Core", "NPloy.Core\NPloy.Core.csproj", "{22EFC304-7752-4A34-B919-00A5B89E45D7}"
EndProject
Project("{FAE04EC0-301F-11D3-BF4B-00C04F79EFBC}") = "NPloy.Console", "NPloy.Console\NPloy.Console.csproj", "{D9F2C39D-32DB-4037-AEB8-C21317EBDD2F}"
EndProject
Project("{2150E333-8FDC-42A3-9474-1A3956D46DE8}") = "Tests", "Tests", "{5E7EBFCD-C1EE-4276-92AB-E4A0B32BAB84}"
EndProject
Project("{FAE04EC0-301F-11D3-BF4B-00C04F79EFBC}") = "NPloy.Console.UnitTests", "NPloy.Console.UnitTests\NPloy.Console.UnitTests.csproj", "{A3B3D515-5D61-4DFD-AA70-84590F4DB8FA}"
EndProject
Project("{2150E333-8FDC-42A3-9474-1A3956D46DE8}") = ".nuget", ".nuget", "{620BEDB8-1FF9-47FA-BA35-7BBAFA14F91F}"
	ProjectSection(SolutionItems) = preProject
		.nuget\NuGet.Config = .nuget\NuGet.Config
		.nuget\NuGet.exe = .nuget\NuGet.exe
		.nuget\NuGet.targets = .nuget\NuGet.targets
		.nuget\packages.config = .nuget\packages.config
	EndProjectSection
EndProject
Project("{2150E333-8FDC-42A3-9474-1A3956D46DE8}") = ".build", ".build", "{9F74C177-F047-42AA-B20A-1C2B4E1D0BFC}"
	ProjectSection(SolutionItems) = preProject
		default.ps1 = default.ps1
	EndProjectSection
EndProject
Project("{FAE04EC0-301F-11D3-BF4B-00C04F79EFBC}") = "NPloy.Web", "NPloy.Web\NPloy.Web.csproj", "{43108F0B-00E8-43B9-B22F-FB701D3BCF40}"
EndProject
Global
	GlobalSection(SolutionConfigurationPlatforms) = preSolution
		Debug|Any CPU = Debug|Any CPU
		Release|Any CPU = Release|Any CPU
	EndGlobalSection
	GlobalSection(ProjectConfigurationPlatforms) = postSolution
		{22EFC304-7752-4A34-B919-00A5B89E45D7}.Debug|Any CPU.ActiveCfg = Debug|Any CPU
		{22EFC304-7752-4A34-B919-00A5B89E45D7}.Debug|Any CPU.Build.0 = Debug|Any CPU
		{22EFC304-7752-4A34-B919-00A5B89E45D7}.Release|Any CPU.ActiveCfg = Release|Any CPU
		{22EFC304-7752-4A34-B919-00A5B89E45D7}.Release|Any CPU.Build.0 = Release|Any CPU
		{D9F2C39D-32DB-4037-AEB8-C21317EBDD2F}.Debug|Any CPU.ActiveCfg = Debug|Any CPU
		{D9F2C39D-32DB-4037-AEB8-C21317EBDD2F}.Debug|Any CPU.Build.0 = Debug|Any CPU
		{D9F2C39D-32DB-4037-AEB8-C21317EBDD2F}.Release|Any CPU.ActiveCfg = Release|Any CPU
		{D9F2C39D-32DB-4037-AEB8-C21317EBDD2F}.Release|Any CPU.Build.0 = Release|Any CPU
		{A3B3D515-5D61-4DFD-AA70-84590F4DB8FA}.Debug|Any CPU.ActiveCfg = Debug|Any CPU
		{A3B3D515-5D61-4DFD-AA70-84590F4DB8FA}.Debug|Any CPU.Build.0 = Debug|Any CPU
		{A3B3D515-5D61-4DFD-AA70-84590F4DB8FA}.Release|Any CPU.ActiveCfg = Release|Any CPU
		{A3B3D515-5D61-4DFD-AA70-84590F4DB8FA}.Release|Any CPU.Build.0 = Release|Any CPU
		{43108F0B-00E8-43B9-B22F-FB701D3BCF40}.Debug|Any CPU.ActiveCfg = Debug|Any CPU
		{43108F0B-00E8-43B9-B22F-FB701D3BCF40}.Debug|Any CPU.Build.0 = Debug|Any CPU
		{43108F0B-00E8-43B9-B22F-FB701D3BCF40}.Release|Any CPU.ActiveCfg = Release|Any CPU
		{43108F0B-00E8-43B9-B22F-FB701D3BCF40}.Release|Any CPU.Build.0 = Release|Any CPU
	EndGlobalSection
	GlobalSection(SolutionProperties) = preSolution
		HideSolutionNode = FALSE
	EndGlobalSection
	GlobalSection(NestedProjects) = preSolution
		{A3B3D515-5D61-4DFD-AA70-84590F4DB8FA} = {5E7EBFCD-C1EE-4276-92AB-E4A0B32BAB84}
	EndGlobalSection
EndGlobal
